
Microsoft Visual Studio Solution File, Format Version 12.00
# Visual Studio Version 17
VisualStudioVersion = 17.9.34701.34
MinimumVisualStudioVersion = 10.0.40219.1
Project("{FAE04EC0-301F-11D3-BF4B-00C04F79EFBC}") = "A7IshraqAlam", "A7IshraqAlam\A7IshraqAlam.csproj", "{6E221D5B-5253-4E06-B238-E42DCE7DE12C}"
EndProject
Global
	GlobalSection(SolutionConfigurationPlatforms) = preSolution
		Debug|Any CPU = Debug|Any CPU
		Release|Any CPU = Release|Any CPU
	EndGlobalSection
	GlobalSection(ProjectConfigurationPlatforms) = postSolution
		{6E221D5B-5253-4E06-B238-E42DCE7DE12C}.Debug|Any CPU.ActiveCfg = Debug|Any CPU
		{6E221D5B-5253-4E06-B238-E42DCE7DE12C}.Debug|Any CPU.Build.0 = Debug|Any CPU
		{6E221D5B-5253-4E06-B238-E42DCE7DE12C}.Release|Any CPU.ActiveCfg = Release|Any CPU
		{6E221D5B-5253-4E06-B238-E42DCE7DE12C}.Release|Any CPU.Build.0 = Release|Any CPU
	EndGlobalSection
	GlobalSection(SolutionProperties) = preSolution
		HideSolutionNode = FALSE
	EndGlobalSection
	GlobalSection(ExtensibilityGlobals) = postSolution
		SolutionGuid = {7FBC60C0-17F9-4989-AF14-D250AF60BE15}
	EndGlobalSection
EndGlobal
